
Microsoft Visual Studio Solution File, Format Version 12.00
# Visual Studio Version 16
VisualStudioVersion = 16.0.30028.174
MinimumVisualStudioVersion = 10.0.40219.1
Project("{9A19103F-16F7-4668-BE54-9A1E7A4F7556}") = "iBet.Server", "iBet.Server.csproj", "{9B228D0D-2A7C-44AF-81D7-42FB811C73E8}"
EndProject
Project("{FAE04EC0-301F-11D3-BF4B-00C04F79EFBC}") = "iBet.Server.Gateway", "..\iBet.Server.Gateway\iBet.Server.Gateway.csproj", "{5AE00A99-8CD6-4E06-9021-60DC3E5AB446}"
EndProject
Global
	GlobalSection(SolutionConfigurationPlatforms) = preSolution
		Debug|Any CPU = Debug|Any CPU
		Release|Any CPU = Release|Any CPU
	EndGlobalSection
	GlobalSection(ProjectConfigurationPlatforms) = postSolution
		{9B228D0D-2A7C-44AF-81D7-42FB811C73E8}.Debug|Any CPU.ActiveCfg = Debug|Any CPU
		{9B228D0D-2A7C-44AF-81D7-42FB811C73E8}.Debug|Any CPU.Build.0 = Debug|Any CPU
		{9B228D0D-2A7C-44AF-81D7-42FB811C73E8}.Release|Any CPU.ActiveCfg = Release|Any CPU
		{9B228D0D-2A7C-44AF-81D7-42FB811C73E8}.Release|Any CPU.Build.0 = Release|Any CPU
		{5AE00A99-8CD6-4E06-9021-60DC3E5AB446}.Debug|Any CPU.ActiveCfg = Debug|Any CPU
		{5AE00A99-8CD6-4E06-9021-60DC3E5AB446}.Debug|Any CPU.Build.0 = Debug|Any CPU
		{5AE00A99-8CD6-4E06-9021-60DC3E5AB446}.Release|Any CPU.ActiveCfg = Release|Any CPU
		{5AE00A99-8CD6-4E06-9021-60DC3E5AB446}.Release|Any CPU.Build.0 = Release|Any CPU
	EndGlobalSection
	GlobalSection(SolutionProperties) = preSolution
		HideSolutionNode = FALSE
	EndGlobalSection
	GlobalSection(ExtensibilityGlobals) = postSolution
		SolutionGuid = {507C0C3F-AC8A-4395-9C71-2BF7B77E4DC7}
	EndGlobalSection
EndGlobal
